
Microsoft Visual Studio Solution File, Format Version 12.00
# Visual Studio Version 17
VisualStudioVersion = 17.5.33516.290
MinimumVisualStudioVersion = 10.0.40219.1
Project("{FAE04EC0-301F-11D3-BF4B-00C04F79EFBC}") = "TestForGit", "TestForGit\TestForGit.csproj", "{90A48C66-B706-4B99-BACF-78449EAF1CA9}"
EndProject
Global
	GlobalSection(SolutionConfigurationPlatforms) = preSolution
		Debug|Any CPU = Debug|Any CPU
		Release|Any CPU = Release|Any CPU
	EndGlobalSection
	GlobalSection(ProjectConfigurationPlatforms) = postSolution
		{90A48C66-B706-4B99-BACF-78449EAF1CA9}.Debug|Any CPU.ActiveCfg = Debug|Any CPU
		{90A48C66-B706-4B99-BACF-78449EAF1CA9}.Debug|Any CPU.Build.0 = Debug|Any CPU
		{90A48C66-B706-4B99-BACF-78449EAF1CA9}.Release|Any CPU.ActiveCfg = Release|Any CPU
		{90A48C66-B706-4B99-BACF-78449EAF1CA9}.Release|Any CPU.Build.0 = Release|Any CPU
	EndGlobalSection
	GlobalSection(SolutionProperties) = preSolution
		HideSolutionNode = FALSE
	EndGlobalSection
	GlobalSection(ExtensibilityGlobals) = postSolution
		SolutionGuid = {D6107DB2-55C0-45FE-9B14-F215BD26252E}
	EndGlobalSection
EndGlobal
